
Microsoft Visual Studio Solution File, Format Version 12.00
# Visual Studio Version 16
VisualStudioVersion = 16.0.29905.134
MinimumVisualStudioVersion = 10.0.40219.1
Project("{FAE04EC0-301F-11D3-BF4B-00C04F79EFBC}") = "ProyectSales", "ProyectSales.csproj", "{A5837BCA-7F7F-4E09-97A5-157F32B0069E}"
EndProject
Project("{FAE04EC0-301F-11D3-BF4B-00C04F79EFBC}") = "Sales.Services", "Sales.Services\Sales.Services.csproj", "{C5BCBF14-FD3A-4F80-9748-19E3CE65A510}"
EndProject
Project("{FAE04EC0-301F-11D3-BF4B-00C04F79EFBC}") = "Sales.Data", "Sales.Data\Sales.Data.csproj", "{8247D696-D6F2-4A96-BC60-BDA120851807}"
EndProject
Project("{FAE04EC0-301F-11D3-BF4B-00C04F79EFBC}") = "Sales.Models", "..\Sales.Models\Sales.Models.csproj", "{8BAFEB2C-BCBE-449A-948B-20CAEB8A93A7}"
EndProject
Global
	GlobalSection(SolutionConfigurationPlatforms) = preSolution
		Debug|Any CPU = Debug|Any CPU
		Release|Any CPU = Release|Any CPU
	EndGlobalSection
	GlobalSection(ProjectConfigurationPlatforms) = postSolution
		{A5837BCA-7F7F-4E09-97A5-157F32B0069E}.Debug|Any CPU.ActiveCfg = Debug|Any CPU
		{A5837BCA-7F7F-4E09-97A5-157F32B0069E}.Debug|Any CPU.Build.0 = Debug|Any CPU
		{A5837BCA-7F7F-4E09-97A5-157F32B0069E}.Release|Any CPU.ActiveCfg = Release|Any CPU
		{A5837BCA-7F7F-4E09-97A5-157F32B0069E}.Release|Any CPU.Build.0 = Release|Any CPU
		{C5BCBF14-FD3A-4F80-9748-19E3CE65A510}.Debug|Any CPU.ActiveCfg = Debug|Any CPU
		{C5BCBF14-FD3A-4F80-9748-19E3CE65A510}.Debug|Any CPU.Build.0 = Debug|Any CPU
		{C5BCBF14-FD3A-4F80-9748-19E3CE65A510}.Release|Any CPU.ActiveCfg = Release|Any CPU
		{C5BCBF14-FD3A-4F80-9748-19E3CE65A510}.Release|Any CPU.Build.0 = Release|Any CPU
		{8247D696-D6F2-4A96-BC60-BDA120851807}.Debug|Any CPU.ActiveCfg = Debug|Any CPU
		{8247D696-D6F2-4A96-BC60-BDA120851807}.Debug|Any CPU.Build.0 = Debug|Any CPU
		{8247D696-D6F2-4A96-BC60-BDA120851807}.Release|Any CPU.ActiveCfg = Release|Any CPU
		{8247D696-D6F2-4A96-BC60-BDA120851807}.Release|Any CPU.Build.0 = Release|Any CPU
		{8BAFEB2C-BCBE-449A-948B-20CAEB8A93A7}.Debug|Any CPU.ActiveCfg = Debug|Any CPU
		{8BAFEB2C-BCBE-449A-948B-20CAEB8A93A7}.Debug|Any CPU.Build.0 = Debug|Any CPU
		{8BAFEB2C-BCBE-449A-948B-20CAEB8A93A7}.Release|Any CPU.ActiveCfg = Release|Any CPU
		{8BAFEB2C-BCBE-449A-948B-20CAEB8A93A7}.Release|Any CPU.Build.0 = Release|Any CPU
	EndGlobalSection
	GlobalSection(SolutionProperties) = preSolution
		HideSolutionNode = FALSE
	EndGlobalSection
	GlobalSection(ExtensibilityGlobals) = postSolution
		SolutionGuid = {99CB76EF-4E60-455D-9567-65BF4AF44D53}
	EndGlobalSection
EndGlobal
